{
  "name": "db-schema-clusterer",
  "version": "1.0.0",
  "lockfileVersion": 2,
  "requires": true,
  "packages": {
    "": {
      "name": "db-schema-clusterer",
      "version": "1.0.0",
      "license": "ISC",
      "dependencies": {
        "set-clustering": "^1.1.0"
      }
    },
    "node_modules/set-clustering": {
      "version": "1.1.0",
      "resolved": "https://registry.npmjs.org/set-clustering/-/set-clustering-1.1.0.tgz",
      "integrity": "sha512-c8JXoLiSJGDc/BUiRhmph+Qbhte46U7vDWP4zf4msM88/mrQuKhOWabEEtdvQE6iLw9FC20ge5uKKyk7orgUBg==",
      "engines": {
        "node": ">=8"
      }
    }
  },
  "dependencies": {
    "set-clustering": {
      "version": "1.1.0",
      "resolved": "https://registry.npmjs.org/set-clustering/-/set-clustering-1.1.0.tgz",
      "integrity": "sha512-c8JXoLiSJGDc/BUiRhmph+Qbhte46U7vDWP4zf4msM88/mrQuKhOWabEEtdvQE6iLw9FC20ge5uKKyk7orgUBg=="
    }
  }
}
